
Microsoft Visual Studio Solution File, Format Version 12.00
Project("{FAE04EC0-301F-11D3-BF4B-00C04F79EFBC}") = "Api", "Api\Api.csproj", "{291E4694-FCD5-4920-9E61-4B8842507AF8}"
EndProject
Project("{FAE04EC0-301F-11D3-BF4B-00C04F79EFBC}") = "Application", "Application\Application.csproj", "{A91040C4-1D34-4EDA-9E7F-42FA090465B6}"
EndProject
Global
	GlobalSection(SolutionConfigurationPlatforms) = preSolution
		Debug|Any CPU = Debug|Any CPU
		Release|Any CPU = Release|Any CPU
	EndGlobalSection
	GlobalSection(ProjectConfigurationPlatforms) = postSolution
		{291E4694-FCD5-4920-9E61-4B8842507AF8}.Debug|Any CPU.ActiveCfg = Debug|Any CPU
		{291E4694-FCD5-4920-9E61-4B8842507AF8}.Debug|Any CPU.Build.0 = Debug|Any CPU
		{291E4694-FCD5-4920-9E61-4B8842507AF8}.Release|Any CPU.ActiveCfg = Release|Any CPU
		{291E4694-FCD5-4920-9E61-4B8842507AF8}.Release|Any CPU.Build.0 = Release|Any CPU
		{A91040C4-1D34-4EDA-9E7F-42FA090465B6}.Debug|Any CPU.ActiveCfg = Debug|Any CPU
		{A91040C4-1D34-4EDA-9E7F-42FA090465B6}.Debug|Any CPU.Build.0 = Debug|Any CPU
		{A91040C4-1D34-4EDA-9E7F-42FA090465B6}.Release|Any CPU.ActiveCfg = Release|Any CPU
		{A91040C4-1D34-4EDA-9E7F-42FA090465B6}.Release|Any CPU.Build.0 = Release|Any CPU
	EndGlobalSection
EndGlobal
